
Microsoft Visual Studio Solution File, Format Version 12.00
# Visual Studio Version 16
VisualStudioVersion = 16.0.30002.166
MinimumVisualStudioVersion = 10.0.40219.1
Project("{9A19103F-16F7-4668-BE54-9A1E7A4F7556}") = "StreamHubCore2", "StreamHubCore2\StreamHubCore2.csproj", "{BE9D0004-F0D9-4CB2-BEB6-C9D493442941}"
EndProject
Project("{FAE04EC0-301F-11D3-BF4B-00C04F79EFBC}") = "StreamHubCoreDal", "StreamHubCoreDal\StreamHubCoreDal.csproj", "{322E94F4-854D-42FB-8A8A-D36088E6F354}"
EndProject
Project("{FAE04EC0-301F-11D3-BF4B-00C04F79EFBC}") = "StreamHubCoreJobs", "StreamHubCoreJobs\StreamHubCoreJobs.csproj", "{1DAA1E8D-3C95-4B88-8327-6D9EE84826BA}"
EndProject
Global
	GlobalSection(SolutionConfigurationPlatforms) = preSolution
		Debug|Any CPU = Debug|Any CPU
		Release|Any CPU = Release|Any CPU
	EndGlobalSection
	GlobalSection(ProjectConfigurationPlatforms) = postSolution
		{BE9D0004-F0D9-4CB2-BEB6-C9D493442941}.Debug|Any CPU.ActiveCfg = Debug|Any CPU
		{BE9D0004-F0D9-4CB2-BEB6-C9D493442941}.Debug|Any CPU.Build.0 = Debug|Any CPU
		{BE9D0004-F0D9-4CB2-BEB6-C9D493442941}.Release|Any CPU.ActiveCfg = Release|Any CPU
		{BE9D0004-F0D9-4CB2-BEB6-C9D493442941}.Release|Any CPU.Build.0 = Release|Any CPU
		{322E94F4-854D-42FB-8A8A-D36088E6F354}.Debug|Any CPU.ActiveCfg = Debug|Any CPU
		{322E94F4-854D-42FB-8A8A-D36088E6F354}.Debug|Any CPU.Build.0 = Debug|Any CPU
		{322E94F4-854D-42FB-8A8A-D36088E6F354}.Release|Any CPU.ActiveCfg = Release|Any CPU
		{322E94F4-854D-42FB-8A8A-D36088E6F354}.Release|Any CPU.Build.0 = Release|Any CPU
		{1DAA1E8D-3C95-4B88-8327-6D9EE84826BA}.Debug|Any CPU.ActiveCfg = Debug|Any CPU
		{1DAA1E8D-3C95-4B88-8327-6D9EE84826BA}.Debug|Any CPU.Build.0 = Debug|Any CPU
		{1DAA1E8D-3C95-4B88-8327-6D9EE84826BA}.Release|Any CPU.ActiveCfg = Release|Any CPU
		{1DAA1E8D-3C95-4B88-8327-6D9EE84826BA}.Release|Any CPU.Build.0 = Release|Any CPU
	EndGlobalSection
	GlobalSection(SolutionProperties) = preSolution
		HideSolutionNode = FALSE
	EndGlobalSection
	GlobalSection(ExtensibilityGlobals) = postSolution
		SolutionGuid = {A40BA2EB-D9DF-49A2-9B2E-2D624F8400FD}
	EndGlobalSection
EndGlobal
